github.com/dracory/uid v1.8.0 h1:L2D8fNH0CcmJLD3TM8f9RZ9UCpHB1Bbi82n7PG4I+5M=
github.com/dracory/uid v1.8.0/go.mod h1:ldOjQLmGsQO4/oRIp5dpgajX3Qf1FI4QMPD34lXSIMI=
github.com/google/go-cmp v0.7.0 h1:wk8382ETsv4JYUZwIsn6YpYiWiBsYLSJiTsyBybVuN8=
github.com/google/go-cmp v0.7.0/go.mod h1:pXiqmnSA92OHEEa9HXL2W4E7lf9JzCmGVUdgjX3N/iU=
